Microsoft Visual Studio Solution File, Format Version 12.00
# Visual Studio Version 17
VisualStudioVersion = 17.0.31903.59
MinimumVisualStudioVersion = 10.0.40219.1
Project("{2150E333-8FDC-42A3-9474-1A3956D46DE8}") = "src", "src", "{02EA681E-C7D8-13C7-8484-4AC65E1B71E8}"
EndProject
Project("{2150E333-8FDC-42A3-9474-1A3956D46DE8}") = "tests", "tests", "{0F92C89F-8193-4B89-AA48-0E2D90925667}"
EndProject
Project("{FAE04EC0-301F-11D3-BF4B-00C04F79EFBC}") = "SendMail.NET.Tests", "tests\SendMail.NET.Tests\SendMail.NET.Tests.csproj", "{BE18E320-2D65-5829-4D47-FA81B47CC4F2}"
EndProject
Project("{FAE04EC0-301F-11D3-BF4B-00C04F79EFBC}") = "SendMail.NET.DemoApp", "tests\SendMail.NET.DemoApp\SendMail.NET.DemoApp.csproj", "{9F436F59-B3B3-E6C2-E8B0-8B42B079FC41}"
EndProject
Project("{FAE04EC0-301F-11D3-BF4B-00C04F79EFBC}") = "SendMail.NET.DashboardDemo", "tests\SendMail.NET.DashboardDemo\SendMail.NET.DashboardDemo.csproj", "{474E5686-F7B3-4C74-A6B9-32DE25D44629}"
EndProject
Project("{FAE04EC0-301F-11D3-BF4B-00C04F79EFBC}") = "SendMail.NET.Core", "src\SendMail.NET.Core\SendMail.NET.Core.csproj", "{A961C59F-7AD8-749E-C997-D198F4C6C3C6}"
EndProject
Project("{FAE04EC0-301F-11D3-BF4B-00C04F79EFBC}") = "SendMail.NET.Dashboard", "src\SendMail.NET.Dashboard\SendMail.NET.Dashboard.csproj", "{4FEA1C7B-2AC9-419A-9A43-59C86F9EA1B6}"
EndProject
Global
	GlobalSection(SolutionConfigurationPlatforms) = preSolution
		Debug|Any CPU = Debug|Any CPU
		Debug|x64 = Debug|x64
		Debug|x86 = Debug|x86
		Release|Any CPU = Release|Any CPU
		Release|x64 = Release|x64
		Release|x86 = Release|x86
	EndGlobalSection
	GlobalSection(ProjectConfigurationPlatforms) = postSolution
		{BE18E320-2D65-5829-4D47-FA81B47CC4F2}.Debug|Any CPU.ActiveCfg = Debug|Any CPU
		{BE18E320-2D65-5829-4D47-FA81B47CC4F2}.Debug|Any CPU.Build.0 = Debug|Any CPU
		{BE18E320-2D65-5829-4D47-FA81B47CC4F2}.Debug|x64.ActiveCfg = Debug|Any CPU
		{BE18E320-2D65-5829-4D47-FA81B47CC4F2}.Debug|x64.Build.0 = Debug|Any CPU
		{BE18E320-2D65-5829-4D47-FA81B47CC4F2}.Debug|x86.ActiveCfg = Debug|Any CPU
		{BE18E320-2D65-5829-4D47-FA81B47CC4F2}.Debug|x86.Build.0 = Debug|Any CPU
		{BE18E320-2D65-5829-4D47-FA81B47CC4F2}.Release|Any CPU.ActiveCfg = Release|Any CPU
		{BE18E320-2D65-5829-4D47-FA81B47CC4F2}.Release|Any CPU.Build.0 = Release|Any CPU
		{BE18E320-2D65-5829-4D47-FA81B47CC4F2}.Release|x64.ActiveCfg = Release|Any CPU
		{BE18E320-2D65-5829-4D47-FA81B47CC4F2}.Release|x64.Build.0 = Release|Any CPU
		{BE18E320-2D65-5829-4D47-FA81B47CC4F2}.Release|x86.ActiveCfg = Release|Any CPU
		{BE18E320-2D65-5829-4D47-FA81B47CC4F2}.Release|x86.Build.0 = Release|Any CPU
		{9F436F59-B3B3-E6C2-E8B0-8B42B079FC41}.Debug|Any CPU.ActiveCfg = Debug|Any CPU
		{9F436F59-B3B3-E6C2-E8B0-8B42B079FC41}.Debug|Any CPU.Build.0 = Debug|Any CPU
		{9F436F59-B3B3-E6C2-E8B0-8B42B079FC41}.Debug|x64.ActiveCfg = Debug|Any CPU
		{9F436F59-B3B3-E6C2-E8B0-8B42B079FC41}.Debug|x64.Build.0 = Debug|Any CPU
		{9F436F59-B3B3-E6C2-E8B0-8B42B079FC41}.Debug|x86.ActiveCfg = Debug|Any CPU
		{9F436F59-B3B3-E6C2-E8B0-8B42B079FC41}.Debug|x86.Build.0 = Debug|Any CPU
		{9F436F59-B3B3-E6C2-E8B0-8B42B079FC41}.Release|Any CPU.ActiveCfg = Release|Any CPU
		{9F436F59-B3B3-E6C2-E8B0-8B42B079FC41}.Release|Any CPU.Build.0 = Release|Any CPU
		{9F436F59-B3B3-E6C2-E8B0-8B42B079FC41}.Release|x64.ActiveCfg = Release|Any CPU
		{9F436F59-B3B3-E6C2-E8B0-8B42B079FC41}.Release|x64.Build.0 = Release|Any CPU
		{9F436F59-B3B3-E6C2-E8B0-8B42B079FC41}.Release|x86.ActiveCfg = Release|Any CPU
		{9F436F59-B3B3-E6C2-E8B0-8B42B079FC41}.Release|x86.Build.0 = Release|Any CPU
		{474E5686-F7B3-4C74-A6B9-32DE25D44629}.Debug|Any CPU.ActiveCfg = Debug|Any CPU
		{474E5686-F7B3-4C74-A6B9-32DE25D44629}.Debug|Any CPU.Build.0 = Debug|Any CPU
		{474E5686-F7B3-4C74-A6B9-32DE25D44629}.Debug|x64.ActiveCfg = Debug|Any CPU
		{474E5686-F7B3-4C74-A6B9-32DE25D44629}.Debug|x64.Build.0 = Debug|Any CPU
		{474E5686-F7B3-4C74-A6B9-32DE25D44629}.Debug|x86.ActiveCfg = Debug|Any CPU
		{474E5686-F7B3-4C74-A6B9-32DE25D44629}.Debug|x86.Build.0 = Debug|Any CPU
		{474E5686-F7B3-4C74-A6B9-32DE25D44629}.Release|Any CPU.ActiveCfg = Release|Any CPU
		{474E5686-F7B3-4C74-A6B9-32DE25D44629}.Release|Any CPU.Build.0 = Release|Any CPU
		{474E5686-F7B3-4C74-A6B9-32DE25D44629}.Release|x64.ActiveCfg = Release|Any CPU
		{474E5686-F7B3-4C74-A6B9-32DE25D44629}.Release|x64.Build.0 = Release|Any CPU
		{474E5686-F7B3-4C74-A6B9-32DE25D44629}.Release|x86.ActiveCfg = Release|Any CPU
		{474E5686-F7B3-4C74-A6B9-32DE25D44629}.Release|x86.Build.0 = Release|Any CPU
		{A961C59F-7AD8-749E-C997-D198F4C6C3C6}.Debug|Any CPU.ActiveCfg = Debug|Any CPU
		{A961C59F-7AD8-749E-C997-D198F4C6C3C6}.Debug|Any CPU.Build.0 = Debug|Any CPU
		{A961C59F-7AD8-749E-C997-D198F4C6C3C6}.Debug|x64.ActiveCfg = Debug|Any CPU
		{A961C59F-7AD8-749E-C997-D198F4C6C3C6}.Debug|x64.Build.0 = Debug|Any CPU
		{A961C59F-7AD8-749E-C997-D198F4C6C3C6}.Debug|x86.ActiveCfg = Debug|Any CPU
		{A961C59F-7AD8-749E-C997-D198F4C6C3C6}.Debug|x86.Build.0 = Debug|Any CPU
		{A961C59F-7AD8-749E-C997-D198F4C6C3C6}.Release|Any CPU.ActiveCfg = Release|Any CPU
		{A961C59F-7AD8-749E-C997-D198F4C6C3C6}.Release|Any CPU.Build.0 = Release|Any CPU
		{A961C59F-7AD8-749E-C997-D198F4C6C3C6}.Release|x64.ActiveCfg = Release|Any CPU
		{A961C59F-7AD8-749E-C997-D198F4C6C3C6}.Release|x64.Build.0 = Release|Any CPU
		{A961C59F-7AD8-749E-C997-D198F4C6C3C6}.Release|x86.ActiveCfg = Release|Any CPU
		{A961C59F-7AD8-749E-C997-D198F4C6C3C6}.Release|x86.Build.0 = Release|Any CPU
		{4FEA1C7B-2AC9-419A-9A43-59C86F9EA1B6}.Debug|Any CPU.ActiveCfg = Debug|Any CPU
		{4FEA1C7B-2AC9-419A-9A43-59C86F9EA1B6}.Debug|Any CPU.Build.0 = Debug|Any CPU
		{4FEA1C7B-2AC9-419A-9A43-59C86F9EA1B6}.Debug|x64.ActiveCfg = Debug|Any CPU
		{4FEA1C7B-2AC9-419A-9A43-59C86F9EA1B6}.Debug|x64.Build.0 = Debug|Any CPU
		{4FEA1C7B-2AC9-419A-9A43-59C86F9EA1B6}.Debug|x86.ActiveCfg = Debug|Any CPU
		{4FEA1C7B-2AC9-419A-9A43-59C86F9EA1B6}.Debug|x86.Build.0 = Debug|Any CPU
		{4FEA1C7B-2AC9-419A-9A43-59C86F9EA1B6}.Release|Any CPU.ActiveCfg = Release|Any CPU
		{4FEA1C7B-2AC9-419A-9A43-59C86F9EA1B6}.Release|Any CPU.Build.0 = Release|Any CPU
		{4FEA1C7B-2AC9-419A-9A43-59C86F9EA1B6}.Release|x64.ActiveCfg = Release|Any CPU
		{4FEA1C7B-2AC9-419A-9A43-59C86F9EA1B6}.Release|x64.Build.0 = Release|Any CPU
		{4FEA1C7B-2AC9-419A-9A43-59C86F9EA1B6}.Release|x86.ActiveCfg = Release|Any CPU
		{4FEA1C7B-2AC9-419A-9A43-59C86F9EA1B6}.Release|x86.Build.0 = Release|Any CPU
	EndGlobalSection
	GlobalSection(SolutionProperties) = preSolution
		HideSolutionNode = FALSE
	EndGlobalSection
	GlobalSection(NestedProjects) = preSolution
		{BE18E320-2D65-5829-4D47-FA81B47CC4F2} = {0F92C89F-8193-4B89-AA48-0E2D90925667}
		{9F436F59-B3B3-E6C2-E8B0-8B42B079FC41} = {0F92C89F-8193-4B89-AA48-0E2D90925667}
		{474E5686-F7B3-4C74-A6B9-32DE25D44629} = {0F92C89F-8193-4B89-AA48-0E2D90925667}
		{A961C59F-7AD8-749E-C997-D198F4C6C3C6} = {02EA681E-C7D8-13C7-8484-4AC65E1B71E8}
		{4FEA1C7B-2AC9-419A-9A43-59C86F9EA1B6} = {02EA681E-C7D8-13C7-8484-4AC65E1B71E8}
	EndGlobalSection
	GlobalSection(ExtensibilityGlobals) = postSolution
		SolutionGuid = {859334FE-4324-45BE-BCA4-52776DF96C63}
	EndGlobalSection
EndGlobal
